
Microsoft Visual Studio Solution File, Format Version 12.00
# Visual Studio Version 17
VisualStudioVersion = 17.14.36623.8 d17.14
MinimumVisualStudioVersion = 10.0.40219.1
Project("{FAE04EC0-301F-11D3-BF4B-00C04F79EFBC}") = "rest-api-with-dotnet", "rest-api-with-dotnet\rest-api-with-dotnet.csproj", "{0D2ACA3F-A2D9-4D8C-958D-90711C3CEA48}"
EndProject
Global
	GlobalSection(SolutionConfigurationPlatforms) = preSolution
		Debug|Any CPU = Debug|Any CPU
		Release|Any CPU = Release|Any CPU
	EndGlobalSection
	GlobalSection(ProjectConfigurationPlatforms) = postSolution
		{0D2ACA3F-A2D9-4D8C-958D-90711C3CEA48}.Debug|Any CPU.ActiveCfg = Debug|Any CPU
		{0D2ACA3F-A2D9-4D8C-958D-90711C3CEA48}.Debug|Any CPU.Build.0 = Debug|Any CPU
		{0D2ACA3F-A2D9-4D8C-958D-90711C3CEA48}.Release|Any CPU.ActiveCfg = Release|Any CPU
		{0D2ACA3F-A2D9-4D8C-958D-90711C3CEA48}.Release|Any CPU.Build.0 = Release|Any CPU
	EndGlobalSection
	GlobalSection(SolutionProperties) = preSolution
		HideSolutionNode = FALSE
	EndGlobalSection
	GlobalSection(ExtensibilityGlobals) = postSolution
		SolutionGuid = {DE144DA4-5508-48D2-A12B-DDC309807B6D}
	EndGlobalSection
EndGlobal
